# This file was autogenerated by Stack.
# You should not edit this file by hand.
# For more information, please see the documentation at:
#   https://docs.haskellstack.org/en/stable/lock_files

packages:
- completed:
    hackage: pipes-aeson-0.4.1.8@sha256:e3661fa8ae4f95e30e471082c2c75767f198f7df7a15dc0ab513a09961453192,1411
    pantry-tree:
      sha256: 717bf18325908156b8682546ed06aee40757f300a413d2f88477f06fe369fbb0
      size: 497
  original:
    hackage: pipes-aeson-0.4.1.8@sha256:e3661fa8ae4f95e30e471082c2c75767f198f7df7a15dc0ab513a09961453192,1411
- completed:
    hackage: servant-auth-server-0.4.6.0@sha256:dc376c76780259cb8d4850179bb456c3fcd057a97c62e260214b7111b4755a45,5254
    pantry-tree:
      sha256: 7fad68f290c5933e88bf6ed0da2b4cdcd6b9a43fdf71dea571c0dee0ace51da8
      size: 1376
  original:
    hackage: servant-auth-server-0.4.6.0@sha256:dc376c76780259cb8d4850179bb456c3fcd057a97c62e260214b7111b4755a45,5254
- completed:
    hackage: servant-options-0.1.0.0@sha256:39f50166a68006250e79370372f553ca476f14d06d93fa0c401050253aeba803,914
    pantry-tree:
      sha256: 7812baf1b27c62068ba634207fbd7077b886424d666b36739a78c6d4008a1fd4
      size: 293
  original:
    hackage: servant-options-0.1.0.0@sha256:39f50166a68006250e79370372f553ca476f14d06d93fa0c401050253aeba803,914
snapshots:
- completed:
    sha256: 401a0e813162ba62f04517f60c7d25e93a0f867f94a902421ebf07d1fb5a8c46
    size: 650044
    url: https://raw.githubusercontent.com/commercialhaskell/stackage-snapshots/master/lts/20/21.yaml
  original: lts-20.21
